// !$*UTF8*$!
{
	archiveVersion = 1;
	classes = {
	};
	objectVersion = 50;
	objects = {

/* Begin PBXBuildFile section */
		2CBCC575233FBC1100868AEA /* AppDelegate.swift in Sources */ = {isa = PBXBuildFile; fileRef = 2CBCC574233FBC1100868AEA /* AppDelegate.swift */; };
		2CBCC577233FBC1100868AEA /* ViewController.swift in Sources */ = {isa = PBXBuildFile; fileRef = 2CBCC576233FBC1100868AEA /* ViewController.swift */; };
		2CBCC57A233FBC1100868AEA /* Main.storyboard in Resources */ = {isa = PBXBuildFile; fileRef = 2CBCC578233FBC1100868AEA /* Main.storyboard */; };
		2CBCC57C233FBC1700868AEA /* Assets.xcassets in Resources */ = {isa = PBXBuildFile; fileRef = 2CBCC57B233FBC1700868AEA /* Assets.xcassets */; };
		2CBCC57F233FBC1700868AEA /* LaunchScreen.storyboard in Resources */ = {isa = PBXBuildFile; fileRef = 2CBCC57D233FBC1700868AEA /* LaunchScreen.storyboard */; };
		2CBCC587233FBC3200868AEA /* CustomView.swift in Sources */ = {isa = PBXBuildFile; fileRef = 2CBCC586233FBC3200868AEA /* CustomView.swift */; };
/* End PBXBuildFile section */

/* Begin PBXFileReference section */
		2CBCC571233FBC1100868AEA /* CustomGradientation.app */ = {isa = PBXFileReference; explicitFileType = wrapper.application; includeInIndex = 0; path = CustomGradientation.app; sourceTree = BUILT_PRODUCTS_DIR; };
		2CBCC574233FBC1100868AEA /* AppDelegate.swift */ = {isa = PBXFileReference; lastKnownFileType = sourcecode.swift; path = AppDelegate.swift; sourceTree = "<group>"; };
		2CBCC576233FBC1100868AEA /* ViewController.swift */ = {isa = PBXFileReference; lastKnownFileType = sourcecode.swift; path = ViewController.swift; sourceTree = "<group>"; };
		2CBCC579233FBC1100868AEA /* Base */ = {isa = PBXFileReference; lastKnownFileType = file.storyboard; name = Base; path = Base.lproj/Main.storyboard; sourceTree = "<group>"; };
		2CBCC57B233FBC1700868AEA /* Assets.xcassets */ = {isa = PBXFileReference; lastKnownFileType = folder.assetcatalog; path = Assets.xcassets; sourceTree = "<group>"; };
		2CBCC57E233FBC1700868AEA /* Base */ = {isa = PBXFileReference; lastKnownFileType = file.storyboard; name = Base; path = Base.lproj/LaunchScreen.storyboard; sourceTree = "<group>"; };
		2CBCC580233FBC1700868AEA /* Info.plist */ = {isa = PBXFileReference; lastKnownFileType = text.plist.xml; path = Info.plist; sourceTree = "<group>"; };
		2CBCC586233FBC3200868AEA /* CustomView.swift */ = {isa = PBXFileReference; lastKnownFileType = sourcecode.swift; path = CustomView.swift; sourceTree = "<group>"; };
/* End PBXFileReference section */

/* Begin PBXFrameworksBuildPhase section */
		2CBCC56E233FBC1100868AEA /* Frameworks */ = {
			isa = PBXFrameworksBuildPhase;
			buildActionMask = 2147483647;
			files = (
			);
			runOnlyForDeploymentPostprocessing = 0;
		};
/* End PBXFrameworksBuildPhase section */

/* Begin PBXGroup section */
		2CBCC568233FBC1100868AEA = {
			isa = PBXGroup;
			children = (
				2CBCC573233FBC1100868AEA /* CustomGradientation */,
				2CBCC572233FBC1100868AEA /* Products */,
			);
			sourceTree = "<group>";
		};
		2CBCC572233FBC1100868AEA /* Products */ = {
			isa = PBXGroup;
			children = (
				2CBCC571233FBC1100868AEA /* CustomGradientation.app */,
			);
			name = Products;
			sourceTree = "<group>";
		};
		2CBCC573233FBC1100868AEA /* CustomGradientation */ = {
			isa = PBXGroup;
			children = (
				2CBCC574233FBC1100868AEA /* AppDelegate.swift */,
				2CBCC576233FBC1100868AEA /* ViewController.swift */,
				2CBCC586233FBC3200868AEA /* CustomView.swift */,
				2CBCC578233FBC1100868AEA /* Main.storyboard */,
				2CBCC57B233FBC1700868AEA /* Assets.xcassets */,
				2CBCC57D233FBC1700868AEA /* LaunchScreen.storyboard */,
				2CBCC580233FBC1700868AEA /* Info.plist */,
			);
			path = CustomGradientation;
			sourceTree = "<group>";
		};
/* End PBXGroup section */

/* Begin PBXNativeTarget section */
		2CBCC570233FBC1100868AEA /* CustomGradientation */ = {
			isa = PBXNativeTarget;
			buildConfigurationList = 2CBCC583233FBC1700868AEA /* Build configuration list for PBXNativeTarget "CustomGradientation" */;
			buildPhases = (
				2CBCC56D233FBC1100868AEA /* Sources */,
				2CBCC56E233FBC1100868AEA /* Frameworks */,
				2CBCC56F233FBC1100868AEA /* Resources */,
			);
			buildRules = (
			);
			dependencies = (
			);
			name = CustomGradientation;
			productName = CustomGradientation;
			productReference = 2CBCC571233FBC1100868AEA /* CustomGradientation.app */;
			productType = "com.apple.product-type.application";
		};
/* End PBXNativeTarget section */

/* Begin PBXProject section */
		2CBCC569233FBC1100868AEA /* Project object */ = {
			isa = PBXProject;
			attributes = {
				LastSwiftUpdateCheck = 1010;
				LastUpgradeCheck = 1010;
				ORGANIZATIONNAME = MB;
				TargetAttributes = {
					2CBCC570233FBC1100868AEA = {
						CreatedOnToolsVersion = 10.1;
					};
				};
			};
			buildConfigurationList = 2CBCC56C233FBC1100868AEA /* Build configuration list for PBXProject "CustomGradientation" */;
			compatibilityVersion = "Xcode 9.3";
			developmentRegion = en;
			hasScannedForEncodings = 0;
			knownRegions = (
				en,
				Base,
			);
			mainGroup = 2CBCC568233FBC1100868AEA;
			productRefGroup = 2CBCC572233FBC1100868AEA /* Products */;
			projectDirPath = "";
			projectRoot = "";
			targets = (
				2CBCC570233FBC1100868AEA /* CustomGradientation */,
			);
		};
/* End PBXProject section */

/* Begin PBXResourcesBuildPhase section */
		2CBCC56F233FBC1100868AEA /* Resources */ = {
			isa = PBXResourcesBuildPhase;
			buildActionMask = 2147483647;
			files = (
				2CBCC57F233FBC1700868AEA /* LaunchScreen.storyboard in Resources */,
				2CBCC57C233FBC1700868AEA /* Assets.xcassets in Resources */,
				2CBCC57A233FBC1100868AEA /* Main.storyboard in Resources */,
			);
			runOnlyForDeploymentPostprocessing = 0;
		};
/* End PBXResourcesBuildPhase section */

/* Begin PBXSourcesBuildPhase section */
		2CBCC56D233FBC1100868AEA /* Sources */ = {
			isa = PBXSourcesBuildPhase;
			buildActionMask = 2147483647;
			files = (
				2CBCC587233FBC3200868AEA /* CustomView.swift in Sources */,
				2CBCC577233FBC1100868AEA /* ViewController.swift in Sources */,
				2CBCC575233FBC1100868AEA /* AppDelegate.swift in Sources */,
			);
			runOnlyForDeploymentPostprocessing = 0;
		};
/* End PBXSourcesBuildPhase section */

/* Begin PBXVariantGroup section */
		2CBCC578233FBC1100868AEA /* Main.storyboard */ = {
			isa = PBXVariantGroup;
			children = (
				2CBCC579233FBC1100868AEA /* Base */,
			);
			name = Main.storyboard;
			sourceTree = "<group>";
		};
		2CBCC57D233FBC1700868AEA /* LaunchScreen.storyboard */ = {
			isa = PBXVariantGroup;
			children = (
				2CBCC57E233FBC1700868AEA /* Base */,
			);
			name = LaunchScreen.storyboard;
			sourceTree = "<group>";
		};
/* End PBXVariantGroup section */

/* Begin XCBuildConfiguration section */
		2CBCC581233FBC1700868AEA /* Debug */ = {
			isa = XCBuildConfiguration;
			buildSettings = {
				ALWAYS_SEARCH_USER_PATHS = NO;
				CLANG_ANALYZER_NONNULL = YES;
				CLANG_ANALYZER_NUMBER_OBJECT_CONVERSION = YES_AGGRESSIVE;
				CLANG_CXX_LANGUAGE_STANDARD = "gnu++14";
				CLANG_CXX_LIBRARY = "libc++";
				CLANG_ENABLE_MODULES = YES;
				CLANG_ENABLE_OBJC_ARC = YES;
				CLANG_ENABLE_OBJC_WEAK = YES;
				CLANG_WARN_BLOCK_CAPTURE_AUTORELEASING = YES;
				CLANG_WARN_BOOL_CONVERSION = YES;
				CLANG_WARN_COMMA = YES;
				CLANG_WARN_CONSTANT_CONVERSION = YES;
				CLANG_WARN_DEPRECATED_OBJC_IMPLEMENTATIONS = YES;
				CLANG_WARN_DIRECT_OBJC_ISA_USAGE = YES_ERROR;
				CLANG_WARN_DOCUMENTATION_COMMENTS = YES;
				CLANG_WARN_EMPTY_BODY = YES;
				CLANG_WARN_ENUM_CONVERSION = YES;
				CLANG_WARN_INFINITE_RECURSION = YES;
				CLANG_WARN_INT_CONVERSION = YES;
				CLANG_WARN_NON_LITERAL_NULL_CONVERSION = YES;
				CLANG_WARN_OBJC_IMPLICIT_RETAIN_SELF = YES;
				CLANG_WARN_OBJC_LITERAL_CONVERSION = YES;
				CLANG_WARN_OBJC_ROOT_CLASS = YES_ERROR;
				CLANG_WARN_RANGE_LOOP_ANALYSIS = YES;
				CLANG_WARN_STRICT_PROTOTYPES = YES;
				CLANG_WARN_SUSPICIOUS_MOVE = YES;
				CLANG_WARN_UNGUARDED_AVAILABILITY = YES_AGGRESSIVE;
				CLANG_WARN_UNREACHABLE_CODE = YES;
				CLANG_WARN__DUPLICATE_METHOD_MATCH = YES;
				CODE_SIGN_IDENTITY = "iPhone Developer";
				COPY_PHASE_STRIP = NO;
				DEBUG_INFORMATION_FORMAT = dwarf;
				ENABLE_STRICT_OBJC_MSGSEND = YES;
				ENABLE_TESTABILITY = YES;
				GCC_C_LANGUAGE_STANDARD = gnu11;
				GCC_DYNAMIC_NO_PIC = NO;
				GCC_NO_COMMON_BLOCKS = YES;
				GCC_OPTIMIZATION_LEVEL = 0;
				GCC_PREPROCESSOR_DEFINITIONS = (
					"DEBUG=1",
					"$(inherited)",
				);
				GCC_WARN_64_TO_32_BIT_CONVERSION = YES;
				GCC_WARN_ABOUT_RETURN_TYPE = YES_ERROR;
				GCC_WARN_UNDECLARED_SELECTOR = YES;
				GCC_WARN_UNINITIALIZED_AUTOS = YES_AGGRESSIVE;
				GCC_WARN_UNUSED_FUNCTION = YES;
				GCC_WARN_UNUSED_VARIABLE = YES;
				IPHONEOS_DEPLOYMENT_TARGET = 12.1;
				MTL_ENABLE_DEBUG_INFO = INCLUDE_SOURCE;
				MTL_FAST_MATH = YES;
				ONLY_ACTIVE_ARCH = YES;
				SDKROOT = iphoneos;
				SWIFT_ACTIVE_COMPILATION_CONDITIONS = DEBUG;
				SWIFT_OPTIMIZATION_LEVEL = "-Onone";
			};
			name = Debug;
		};
		2CBCC582233FBC1700868AEA /* Release */ = {
			isa = XCBuildConfiguration;
			buildSettings = {
				ALWAYS_SEARCH_USER_PATHS = NO;
				CLANG_ANALYZER_NONNULL = YES;
				CLANG_ANALYZER_NUMBER_OBJECT_CONVERSION = YES_AGGRESSIVE;
				CLANG_CXX_LANGUAGE_STANDARD = "gnu++14";
				CLANG_CXX_LIBRARY = "libc++";
				CLANG_ENABLE_MODULES = YES;
				CLANG_ENABLE_OBJC_ARC = YES;
				CLANG_ENABLE_OBJC_WEAK = YES;
				CLANG_WARN_BLOCK_CAPTURE_AUTORELEASING = YES;
				CLANG_WARN_BOOL_CONVERSION = YES;
				CLANG_WARN_COMMA = YES;
				CLANG_WARN_CONSTANT_CONVERSION = YES;
				CLANG_WARN_DEPRECATED_OBJC_IMPLEMENTATIONS = YES;
				CLANG_WARN_DIRECT_OBJC_ISA_USAGE = YES_ERROR;
				CLANG_WARN_DOCUMENTATION_COMMENTS = YES;
				CLANG_WARN_EMPTY_BODY = YES;
				CLANG_WARN_ENUM_CONVERSION = YES;
				CLANG_WARN_INFINITE_RECURSION = YES;
				CLANG_WARN_INT_CONVERSION = YES;
				CLANG_WARN_NON_LITERAL_NULL_CONVERSION = YES;
				CLANG_WARN_OBJC_IMPLICIT_RETAIN_SELF = YES;
				CLANG_WARN_OBJC_LITERAL_CONVERSION = YES;
				CLANG_WARN_OBJC_ROOT_CLASS = YES_ERROR;
				CLANG_WARN_RANGE_LOOP_ANALYSIS = YES;
				CLANG_WARN_STRICT_PROTOTYPES = YES;
				CLANG_WARN_SUSPICIOUS_MOVE = YES;
				CLANG_WARN_UNGUARDED_AVAILABILITY = YES_AGGRESSIVE;
				CLANG_WARN_UNREACHABLE_CODE = YES;
				CLANG_WARN__DUPLICATE_METHOD_MATCH = YES;
				CODE_SIGN_IDENTITY = "iPhone Developer";
				COPY_PHASE_STRIP = NO;
				DEBUG_INFORMATION_FORMAT = "dwarf-with-dsym";
				ENABLE_NS_ASSERTIONS = NO;
				ENABLE_STRICT_OBJC_MSGSEND = YES;
				GCC_C_LANGUAGE_STANDARD = gnu11;
				GCC_NO_COMMON_BLOCKS = YES;
				GCC_WARN_64_TO_32_BIT_CONVERSION = YES;
				GCC_WARN_ABOUT_RETURN_TYPE = YES_ERROR;
				GCC_WARN_UNDECLARED_SELECTOR = YES;
				GCC_WARN_UNINITIALIZED_AUTOS = YES_AGGRESSIVE;
				GCC_WARN_UNUSED_FUNCTION = YES;
				GCC_WARN_UNUSED_VARIABLE = YES;
				IPHONEOS_DEPLOYMENT_TARGET = 12.1;
				MTL_ENABLE_DEBUG_INFO = NO;
				MTL_FAST_MATH = YES;
				SDKROOT = iphoneos;
				SWIFT_COMPILATION_MODE = wholemodule;
				SWIFT_OPTIMIZATION_LEVEL = "-O";
				VALIDATE_PRODUCT = YES;
			};
			name = Release;
		};
		2CBCC584233FBC1700868AEA /* Debug */ = {
			isa = XCBuildConfiguration;
			buildSettings = {
				ASSETCATALOG_COMPILER_APPICON_NAME = AppIcon;
				CODE_SIGN_STYLE = Automatic;
				DEVELOPMENT_TEAM = SA292C878B;
				INFOPLIST_FILE = CustomGradientation/Info.plist;
				LD_RUNPATH_SEARCH_PATHS = (
					"$(inherited)",
					"@executable_path/Frameworks",
				);
				PRODUCT_BUNDLE_IDENTIFIER = com.tryvector.CustomGradientation;
				PRODUCT_NAME = "$(TARGET_NAME)";
				SWIFT_VERSION = 4.2;
				TARGETED_DEVICE_FAMILY = "1,2";
			};
			name = Debug;
		};
		2CBCC585233FBC1700868AEA /* Release */ = {
			isa = XCBuildConfiguration;
			buildSettings = {
				ASSETCATALOG_COMPILER_APPICON_NAME = AppIcon;
				CODE_SIGN_STYLE = Automatic;
				DEVELOPMENT_TEAM = SA292C878B;
				INFOPLIST_FILE = CustomGradientation/Info.plist;
				LD_RUNPATH_SEARCH_PATHS = (
					"$(inherited)",
					"@executable_path/Frameworks",
				);
				PRODUCT_BUNDLE_IDENTIFIER = com.tryvector.CustomGradientation;
				PRODUCT_NAME = "$(TARGET_NAME)";
				SWIFT_VERSION = 4.2;
				TARGETED_DEVICE_FAMILY = "1,2";
			};
			name = Release;
		};
/* End XCBuildConfiguration section */

/* Begin XCConfigurationList section */
		2CBCC56C233FBC1100868AEA /* Build configuration list for PBXProject "CustomGradientation" */ = {
			isa = XCConfigurationList;
			buildConfigurations = (
				2CBCC581233FBC1700868AEA /* Debug */,
				2CBCC582233FBC1700868AEA /* Release */,
			);
			defaultConfigurationIsVisible = 0;
			defaultConfigurationName = Release;
		};
		2CBCC583233FBC1700868AEA /* Build configuration list for PBXNativeTarget "CustomGradientation" */ = {
			isa = XCConfigurationList;
			buildConfigurations = (
				2CBCC584233FBC1700868AEA /* Debug */,
				2CBCC585233FBC1700868AEA /* Release */,
			);
			defaultConfigurationIsVisible = 0;
			defaultConfigurationName = Release;
		};
/* End XCConfigurationList section */
	};
	rootObject = 2CBCC569233FBC1100868AEA /* Project object */;
}
